
Microsoft Visual Studio Solution File, Format Version 12.00
# Visual Studio Version 17
VisualStudioVersion = 17.2.32616.157
MinimumVisualStudioVersion = 10.0.40219.1
Project("{FAE04EC0-301F-11D3-BF4B-00C04F79EFBC}") = "TestGMap", "TestGMap\TestGMap.csproj", "{51AF7AB3-10E8-4477-B06F-A3EB6C1CD25D}"
EndProject
Global
	GlobalSection(SolutionConfigurationPlatforms) = preSolution
		Debug|Any CPU = Debug|Any CPU
		Release|Any CPU = Release|Any CPU
	EndGlobalSection
	GlobalSection(ProjectConfigurationPlatforms) = postSolution
		{51AF7AB3-10E8-4477-B06F-A3EB6C1CD25D}.Debug|Any CPU.ActiveCfg = Debug|Any CPU
		{51AF7AB3-10E8-4477-B06F-A3EB6C1CD25D}.Debug|Any CPU.Build.0 = Debug|Any CPU
		{51AF7AB3-10E8-4477-B06F-A3EB6C1CD25D}.Release|Any CPU.ActiveCfg = Release|Any CPU
		{51AF7AB3-10E8-4477-B06F-A3EB6C1CD25D}.Release|Any CPU.Build.0 = Release|Any CPU
	EndGlobalSection
	GlobalSection(SolutionProperties) = preSolution
		HideSolutionNode = FALSE
	EndGlobalSection
	GlobalSection(ExtensibilityGlobals) = postSolution
		SolutionGuid = {7A780CC2-6122-4907-BC9A-04641EA10F18}
	EndGlobalSection
EndGlobal
